PODS:
  - AppMetricaCore (5.9.0):
    - AppMetricaCoreUtils (= 5.9.0)
    - AppMetricaEncodingUtils (= 5.9.0)
    - AppMetricaFMDB (= 5.9.0)
    - AppMetricaHostState (= 5.9.0)
    - AppMetricaIdentifiers (= 5.9.0)
    - AppMetricaKeychain (= 5.9.0)
    - AppMetricaLog (= 5.9.0)
    - AppMetricaNetwork (= 5.9.0)
    - AppMetricaPlatform (= 5.9.0)
    - AppMetricaProtobuf (= 5.9.0)
    - AppMetricaProtobufUtils (= 5.9.0)
    - AppMetricaStorageUtils (= 5.9.0)
  - AppMetricaCoreExtension (5.9.0):
    - AppMetricaCore (= 5.9.0)
    - AppMetricaStorageUtils (= 5.9.0)
  - AppMetricaCoreUtils (5.9.0):
    - AppMetricaLog (= 5.9.0)
  - AppMetricaCrashes (5.9.0):
    - AppMetricaCore (= 5.9.0)
    - AppMetricaCoreExtension (= 5.9.0)
    - AppMetricaCoreUtils (= 5.9.0)
    - AppMetricaEncodingUtils (= 5.9.0)
    - AppMetricaHostState (= 5.9.0)
    - AppMetricaLog (= 5.9.0)
    - AppMetricaPlatform (= 5.9.0)
    - AppMetricaProtobufUtils (= 5.9.0)
    - AppMetricaStorageUtils (= 5.9.0)
    - KSCrash/Recording (< 2.1.0, >= 2.0.0-rc.1)
  - AppMetricaEncodingUtils (5.9.0):
    - AppMetricaCoreUtils (= 5.9.0)
    - AppMetricaLog (= 5.9.0)
    - AppMetricaPlatform (= 5.9.0)
  - AppMetricaFMDB (5.9.0)
  - AppMetricaHostState (5.9.0):
    - AppMetricaCoreUtils (= 5.9.0)
    - AppMetricaLog (= 5.9.0)
  - AppMetricaIdentifiers (5.9.0):
    - AppMetricaKeychain (= 5.9.0)
    - AppMetricaLogSwift (= 5.9.0)
    - AppMetricaPlatform (= 5.9.0)
    - AppMetricaStorageUtils (= 5.9.0)
    - AppMetricaSynchronization (= 5.9.0)
  - AppMetricaKeychain (5.9.0):
    - AppMetricaCoreUtils (= 5.9.0)
    - AppMetricaLog (= 5.9.0)
    - AppMetricaStorageUtils (= 5.9.0)
  - AppMetricaLibraryAdapter (5.9.0):
    - AppMetricaCore (= 5.9.0)
    - AppMetricaCoreExtension (= 5.9.0)
  - AppMetricaLog (5.9.0)
  - AppMetricaLogSwift (5.9.0):
    - AppMetricaLog (= 5.9.0)
  - AppMetricaNetwork (5.9.0):
    - AppMetricaCoreUtils (= 5.9.0)
    - AppMetricaLog (= 5.9.0)
    - AppMetricaPlatform (= 5.9.0)
  - AppMetricaPlatform (5.9.0):
    - AppMetricaCoreUtils (= 5.9.0)
    - AppMetricaLog (= 5.9.0)
  - AppMetricaProtobuf (5.9.0)
  - AppMetricaProtobufUtils (5.9.0):
    - AppMetricaProtobuf (= 5.9.0)
  - AppMetricaStorageUtils (5.9.0):
    - AppMetricaCoreUtils (= 5.9.0)
    - AppMetricaLog (= 5.9.0)
  - AppMetricaSynchronization (5.9.0):
    - AppMetricaLogSwift (= 5.9.0)
  - device_info_plus (0.0.1):
    - Flutter
  - DivKit (30.33.0):
    - DivKit_LayoutKit (= 30.33.0)
    - DivKit_Serialization (= 30.33.0)
    - VGSL (~> 6.0)
  - DivKit_LayoutKit (30.33.0):
    - DivKit_LayoutKitInterface (= 30.33.0)
    - VGSL (~> 6.0)
  - DivKit_LayoutKitInterface (30.33.0):
    - VGSL (~> 6.0)
  - DivKit_Serialization (30.33.0):
    - VGSL (~> 6.0)
  - DivKitBinaryCompatibilityFacade (4.5.0):
    - DivKit (~> 30.9)
  - Flutter (1.0.0)
  - flutter_localization (0.0.1):
    - Flutter
  - flutter_vpn (0.1.0):
    - Flutter
  - haptic_feedback (0.5.1):
    - Flutter
  - JNKeychain (0.1.4)
  - KSCrash/Core (2.0.0-rc.8)
  - KSCrash/Recording (2.0.0-rc.8):
    - KSCrash/RecordingCore
  - KSCrash/RecordingCore (2.0.0-rc.8):
    - KSCrash/Core
  - mobile_device_identifier (0.0.1):
    - Flutter
    - JNKeychain
  - package_info_plus (0.4.5):
    - Flutter
  - path_provider_foundation (0.0.1):
    - Flutter
    - FlutterMacOS
  - permission_handler_apple (9.3.0):
    - Flutter
  - share_plus (0.0.1):
    - Flutter
  - shared_preferences_foundation (0.0.1):
    - Flutter
    - FlutterMacOS
  - url_launcher_ios (0.0.1):
    - Flutter
  - VGSL (6.18.0):
    - VGSLFundamentals (= 6.18.0)
    - VGSLNetworking (= 6.18.0)
    - VGSLUI (= 6.18.0)
  - VGSLFundamentals (6.18.0)
  - VGSLNetworking (6.18.0):
    - VGSLFundamentals (= 6.18.0)
    - VGSLUI (= 6.18.0)
  - VGSLUI (6.18.0):
    - VGSLFundamentals (= 6.18.0)
  - vibration (3.0.0):
    - Flutter
  - yandex_mobileads (7.8.0):
    - Flutter
    - YandexMobileAds (~> 7.9.0)
  - YandexMobileAds (7.9.0):
    - AppMetricaCore (< 6.0.0, >= 5.8.0)
    - AppMetricaCrashes (< 6.0.0, >= 5.8.0)
    - AppMetricaLibraryAdapter (< 6.0.0, >= 5.8.0)
    - DivKitBinaryCompatibilityFacade (= 4.5.0)

DEPENDENCIES:
  - device_info_plus (from `.symlinks/plugins/device_info_plus/ios`)
  - Flutter (from `Flutter`)
  - flutter_localization (from `.symlinks/plugins/flutter_localization/ios`)
  - flutter_vpn (from `.symlinks/plugins/flutter_vpn/ios`)
  - haptic_feedback (from `.symlinks/plugins/haptic_feedback/ios`)
  - mobile_device_identifier (from `.symlinks/plugins/mobile_device_identifier/ios`)
  - package_info_plus (from `.symlinks/plugins/package_info_plus/ios`)
  - path_provider_foundation (from `.symlinks/plugins/path_provider_foundation/darwin`)
  - permission_handler_apple (from `.symlinks/plugins/permission_handler_apple/ios`)
  - share_plus (from `.symlinks/plugins/share_plus/ios`)
  - shared_preferences_foundation (from `.symlinks/plugins/shared_preferences_foundation/darwin`)
  - url_launcher_ios (from `.symlinks/plugins/url_launcher_ios/ios`)
  - vibration (from `.symlinks/plugins/vibration/ios`)
  - yandex_mobileads (from `.symlinks/plugins/yandex_mobileads/ios`)

SPEC REPOS:
  trunk:
    - AppMetricaCore
    - AppMetricaCoreExtension
    - AppMetricaCoreUtils
    - AppMetricaCrashes
    - AppMetricaEncodingUtils
    - AppMetricaFMDB
    - AppMetricaHostState
    - AppMetricaIdentifiers
    - AppMetricaKeychain
    - AppMetricaLibraryAdapter
    - AppMetricaLog
    - AppMetricaLogSwift
    - AppMetricaNetwork
    - AppMetricaPlatform
    - AppMetricaProtobuf
    - AppMetricaProtobufUtils
    - AppMetricaStorageUtils
    - AppMetricaSynchronization
    - DivKit
    - DivKit_LayoutKit
    - DivKit_LayoutKitInterface
    - DivKit_Serialization
    - DivKitBinaryCompatibilityFacade
    - JNKeychain
    - KSCrash
    - VGSL
    - VGSLFundamentals
    - VGSLNetworking
    - VGSLUI
    - YandexMobileAds

EXTERNAL SOURCES:
  device_info_plus:
    :path: ".symlinks/plugins/device_info_plus/ios"
  Flutter:
    :path: Flutter
  flutter_localization:
    :path: ".symlinks/plugins/flutter_localization/ios"
  flutter_vpn:
    :path: ".symlinks/plugins/flutter_vpn/ios"
  haptic_feedback:
    :path: ".symlinks/plugins/haptic_feedback/ios"
  mobile_device_identifier:
    :path: ".symlinks/plugins/mobile_device_identifier/ios"
  package_info_plus:
    :path: ".symlinks/plugins/package_info_plus/ios"
  path_provider_foundation:
    :path: ".symlinks/plugins/path_provider_foundation/darwin"
  permission_handler_apple:
    :path: ".symlinks/plugins/permission_handler_apple/ios"
  share_plus:
    :path: ".symlinks/plugins/share_plus/ios"
  shared_preferences_foundation:
    :path: ".symlinks/plugins/shared_preferences_foundation/darwin"
  url_launcher_ios:
    :path: ".symlinks/plugins/url_launcher_ios/ios"
  vibration:
    :path: ".symlinks/plugins/vibration/ios"
  yandex_mobileads:
    :path: ".symlinks/plugins/yandex_mobileads/ios"

SPEC CHECKSUMS:
  AppMetricaCore: cdad94c505967ebac86f81da48841df3136ef696
  AppMetricaCoreExtension: b9c8695bac86ec7f4ef90f905131f7b9d31d8295
  AppMetricaCoreUtils: 3c7aa8a78895f98f557f1bc88bce4eb80a6bcd2a
  AppMetricaCrashes: 7641b5c23c581693e6c8ae253948635f8f3ff071
  AppMetricaEncodingUtils: 61f9fd1c510e517e2b4981b940bc510f9498e1bc
  AppMetricaFMDB: 743a9d6833380eebfa0ca0f1db2883bb05b41c16
  AppMetricaHostState: 5c9196539244397f7fb8a4db44bddc1bbc67b93b
  AppMetricaIdentifiers: b870d30d6a5acd9cc9df9e30a37e4bf8a0e03a25
  AppMetricaKeychain: 767acc62243599c034bab686093640b3e86d3893
  AppMetricaLibraryAdapter: 73d0a414a7bf691c4a52c45c83652d150e571def
  AppMetricaLog: 9fdc87723f6a1b497866f6827143117d7ff667c4
  AppMetricaLogSwift: 9d67b9ce5097cfed6ff56a6a4ec7770f2ce2df07
  AppMetricaNetwork: 81342ff33cd3786bcdbe06c5b580179aec7c95c2
  AppMetricaPlatform: cb4699122820183ce3dc29fc386bada3afde99d5
  AppMetricaProtobuf: 8d9ad65007f56af94b324dbc31096ee8be04d412
  AppMetricaProtobufUtils: 33f29ccee2f898b537eece0c4fe04e14e1bdab9a
  AppMetricaStorageUtils: 42c3f8163226516aec3e183db4f3e1a29fac1c41
  AppMetricaSynchronization: ed4196effc6997921fab53503e79c6505dbae707
  device_info_plus: bf2e3232933866d73fe290f2942f2156cdd10342
  DivKit: 5b176400aa1667fddc9fb30530f1c5a5ef93a7e5
  DivKit_LayoutKit: 052ae0577535f6be202aeb64184fe98bcda1972c
  DivKit_LayoutKitInterface: d6f4493c7bf5823f989795a2189934541596df3b
  DivKit_Serialization: 37160aa27d0be33347d24d2667af886c5b66cc27
  DivKitBinaryCompatibilityFacade: 3de9fa5c024e2a8c1b798711c4c9aafd0be9b5c8
  Flutter: cabc95a1d2626b1b06e7179b784ebcf0c0cde467
  flutter_localization: f43b18844a2b3d2c71fd64f04ffd6b1e64dd54d4
  flutter_vpn: a106f778c4994b07edc78c6a66ca24a7b539bb15
  haptic_feedback: 8cb3ee0cb6b797946c2b0df9c99ebc8f7ed79c71
  JNKeychain: fb6cc9ec95959ba46cd95d0ee6f7a05e41da9f42
  KSCrash: 946472c56073afdaf6bae37d886e3f562027075c
  mobile_device_identifier: 34f80c8985bb1506880c2ae10cb24cfb9918f1a7
  package_info_plus: c0502532a26c7662a62a356cebe2692ec5fe4ec4
  path_provider_foundation: 2b6b4c569c0fb62ec74538f866245ac84301af46
  permission_handler_apple: 9878588469a2b0d0fc1e048d9f43605f92e6cec2
  share_plus: 8b6f8b3447e494cca5317c8c3073de39b3600d1f
  shared_preferences_foundation: fcdcbc04712aee1108ac7fda236f363274528f78
  url_launcher_ios: 5334b05cef931de560670eeae103fd3e431ac3fe
  VGSL: a46194be2ec6afc2d385b8855b4015f0488b782f
  VGSLFundamentals: 28991319b0819971a33e2a120b2d13f54f6bbc96
  VGSLNetworking: 66714a0dea9611e2f8418b5196e11e4a66d14289
  VGSLUI: bb4553a81e975c0777f19838fb90798aac748e5a
  vibration: 3797858f8cbf53d841e189ef8bd533d96e4ca93c
  yandex_mobileads: 3eb0ae0e6bd632fec5b9bd7c4179e0220b862f74
  YandexMobileAds: 1560300b24b700dfcc335e9de4ac66bbb148299a

PODFILE CHECKSUM: dddf036169035fe244c075914b88e1e985fccdb3

COCOAPODS: 1.16.2
